
Microsoft Visual Studio Solution File, Format Version 12.00
# Visual Studio Version 16
VisualStudioVersion = 16.0.30717.126
MinimumVisualStudioVersion = 10.0.40219.1
Project("{FAE04EC0-301F-11D3-BF4B-00C04F79EFBC}") = "OpenGL-Engine", "OpenGL-Engine\OpenGL-Engine.csproj", "{95CDF09E-F45B-4058-A476-09D7A5254715}"
EndProject
Global
	GlobalSection(SolutionConfigurationPlatforms) = preSolution
		Debug|Any CPU = Debug|Any CPU
		Release|Any CPU = Release|Any CPU
	EndGlobalSection
	GlobalSection(ProjectConfigurationPlatforms) = postSolution
		{95CDF09E-F45B-4058-A476-09D7A5254715}.Debug|Any CPU.ActiveCfg = Debug|Any CPU
		{95CDF09E-F45B-4058-A476-09D7A5254715}.Debug|Any CPU.Build.0 = Debug|Any CPU
		{95CDF09E-F45B-4058-A476-09D7A5254715}.Release|Any CPU.ActiveCfg = Release|Any CPU
		{95CDF09E-F45B-4058-A476-09D7A5254715}.Release|Any CPU.Build.0 = Release|Any CPU
	EndGlobalSection
	GlobalSection(SolutionProperties) = preSolution
		HideSolutionNode = FALSE
	EndGlobalSection
	GlobalSection(ExtensibilityGlobals) = postSolution
		SolutionGuid = {18508B6E-13EA-4A34-82A6-97EC3B42722D}
	EndGlobalSection
EndGlobal
